
Microsoft Visual Studio Solution File, Format Version 12.00
# Visual Studio Version 17
VisualStudioVersion = 17.4.33205.214
MinimumVisualStudioVersion = 10.0.40219.1
Project("{9A19103F-16F7-4668-BE54-9A1E7A4F7556}") = "JsonChanges", "JsonChanges\JsonChanges.csproj", "{4FB40468-F869-4130-AE5B-DD41159FED13}"
EndProject
Project("{9A19103F-16F7-4668-BE54-9A1E7A4F7556}") = "OptionsValidation", "OptionsValidation\OptionsValidation.csproj", "{8834AF9B-0294-48F5-B453-B9050C2563BF}"
EndProject
Project("{9A19103F-16F7-4668-BE54-9A1E7A4F7556}") = "HowStringsWork", "HowStringsWork\HowStringsWork.csproj", "{FB549F1F-A1A3-4EFA-83DD-DDB883577114}"
EndProject
Project("{9A19103F-16F7-4668-BE54-9A1E7A4F7556}") = "HowHttpClientWorks", "HowHttpClientWorks\HowHttpClientWorks.csproj", "{7AF748F6-C09D-44F0-9551-DF835DC9915F}"
EndProject
Project("{FAE04EC0-301F-11D3-BF4B-00C04F79EFBC}") = "EmptyCollections", "EmptyCollections\EmptyCollections.csproj", "{354BE785-B9A3-4C54-A915-68D3C962B3A6}"
EndProject
Global
	GlobalSection(SolutionConfigurationPlatforms) = preSolution
		Debug|Any CPU = Debug|Any CPU
		Release|Any CPU = Release|Any CPU
	EndGlobalSection
	GlobalSection(ProjectConfigurationPlatforms) = postSolution
		{4FB40468-F869-4130-AE5B-DD41159FED13}.Debug|Any CPU.ActiveCfg = Debug|Any CPU
		{4FB40468-F869-4130-AE5B-DD41159FED13}.Debug|Any CPU.Build.0 = Debug|Any CPU
		{4FB40468-F869-4130-AE5B-DD41159FED13}.Release|Any CPU.ActiveCfg = Release|Any CPU
		{4FB40468-F869-4130-AE5B-DD41159FED13}.Release|Any CPU.Build.0 = Release|Any CPU
		{8834AF9B-0294-48F5-B453-B9050C2563BF}.Debug|Any CPU.ActiveCfg = Debug|Any CPU
		{8834AF9B-0294-48F5-B453-B9050C2563BF}.Debug|Any CPU.Build.0 = Debug|Any CPU
		{8834AF9B-0294-48F5-B453-B9050C2563BF}.Release|Any CPU.ActiveCfg = Release|Any CPU
		{8834AF9B-0294-48F5-B453-B9050C2563BF}.Release|Any CPU.Build.0 = Release|Any CPU
		{FB549F1F-A1A3-4EFA-83DD-DDB883577114}.Debug|Any CPU.ActiveCfg = Debug|Any CPU
		{FB549F1F-A1A3-4EFA-83DD-DDB883577114}.Debug|Any CPU.Build.0 = Debug|Any CPU
		{FB549F1F-A1A3-4EFA-83DD-DDB883577114}.Release|Any CPU.ActiveCfg = Release|Any CPU
		{FB549F1F-A1A3-4EFA-83DD-DDB883577114}.Release|Any CPU.Build.0 = Release|Any CPU
		{7AF748F6-C09D-44F0-9551-DF835DC9915F}.Debug|Any CPU.ActiveCfg = Debug|Any CPU
		{7AF748F6-C09D-44F0-9551-DF835DC9915F}.Debug|Any CPU.Build.0 = Debug|Any CPU
		{7AF748F6-C09D-44F0-9551-DF835DC9915F}.Release|Any CPU.ActiveCfg = Release|Any CPU
		{7AF748F6-C09D-44F0-9551-DF835DC9915F}.Release|Any CPU.Build.0 = Release|Any CPU
		{354BE785-B9A3-4C54-A915-68D3C962B3A6}.Debug|Any CPU.ActiveCfg = Debug|Any CPU
		{354BE785-B9A3-4C54-A915-68D3C962B3A6}.Debug|Any CPU.Build.0 = Debug|Any CPU
		{354BE785-B9A3-4C54-A915-68D3C962B3A6}.Release|Any CPU.ActiveCfg = Release|Any CPU
		{354BE785-B9A3-4C54-A915-68D3C962B3A6}.Release|Any CPU.Build.0 = Release|Any CPU
	EndGlobalSection
	GlobalSection(SolutionProperties) = preSolution
		HideSolutionNode = FALSE
	EndGlobalSection
	GlobalSection(ExtensibilityGlobals) = postSolution
		SolutionGuid = {BBADA814-DBA9-4463-B862-E7D6E51C9B08}
	EndGlobalSection
EndGlobal
